PODS:
  - boost-for-react-native (1.63.0)
  - CocoaAsyncSocket (7.6.5)
  - DoubleConversion (1.1.6)
  - FBLazyVector (0.64.12)
  - FBReactNativeSpec (0.64.12):
    - RCT-Folly (= 2020.01.13.00)
    - RCTRequired (= 0.64.12)
    - RCTTypeSafety (= 0.64.12)
    - React-Core (= 0.64.12)
    - React-jsi (= 0.64.12)
    - ReactCommon/turbomodule/core (= 0.64.12)
  - Flipper (0.75.1):
    - Flipper-Folly (~> 2.5)
    - Flipper-RSocket (~> 1.3)
  - Flipper-DoubleConversion (1.1.7)
  - Flipper-Folly (2.5.3):
    - boost-for-react-native
    - Flipper-DoubleConversion
    - Flipper-Glog
    - libevent (~> 2.1.12)
    - OpenSSL-Universal (= 1.1.180)
  - Flipper-Glog (0.3.6)
  - Flipper-PeerTalk (0.0.4)
  - Flipper-RSocket (1.3.1):
    - Flipper-Folly (~> 2.5)
  - FlipperKit (0.75.1):
    - FlipperKit/Core (= 0.75.1)
  - FlipperKit/Core (0.75.1):
    - Flipper (~> 0.75.1)
    - FlipperKit/CppBridge
    - FlipperKit/FBCxxFollyDynamicConvert
    - FlipperKit/FBDefines
    - FlipperKit/FKPortForwarding
  - FlipperKit/CppBridge (0.75.1):
    - Flipper (~> 0.75.1)
  - FlipperKit/FBCxxFollyDynamicConvert (0.75.1):
    - Flipper-Folly (~> 2.5)
  - FlipperKit/FBDefines (0.75.1)
  - FlipperKit/FKPortForwarding (0.75.1):
    - CocoaAsyncSocket (~> 7.6)
    - Flipper-PeerTalk (~> 0.0.4)
  - FlipperKit/FlipperKitHighlightOverlay (0.75.1)
  - FlipperKit/FlipperKitLayoutPlugin (0.75.1):
    - FlipperKit/Core
    - FlipperKit/FlipperKitHighlightOverlay
    - FlipperKit/FlipperKitLayoutTextSearchable
    - YogaKit (~> 1.18)
  - FlipperKit/FlipperKitLayoutTextSearchable (0.75.1)
  - FlipperKit/FlipperKitNetworkPlugin (0.75.1):
    - FlipperKit/Core
  - FlipperKit/FlipperKitReactPlugin (0.75.1):
    - FlipperKit/Core
  - FlipperKit/FlipperKitUserDefaultsPlugin (0.75.1):
    - FlipperKit/Core
  - FlipperKit/SKIOSNetworkPlugin (0.75.1):
    - FlipperKit/Core
    - FlipperKit/FlipperKitNetworkPlugin
  - glog (0.3.5)
  - libevent (2.1.12)
  - OpenSSL-Universal (1.1.180)
  - RCT-Folly (2020.01.13.00):
    - boost-for-react-native
    - DoubleConversion
    - glog
    - RCT-Folly/Default (= 2020.01.13.00)
  - RCT-Folly/Default (2020.01.13.00):
    - boost-for-react-native
    - DoubleConversion
    - glog
  - RCTRequired (0.64.12)
  - RCTTypeSafety (0.64.12):
    - FBLazyVector (= 0.64.12)
    - RCT-Folly (= 2020.01.13.00)
    - RCTRequired (= 0.64.12)
    - React-Core (= 0.64.12)
  - React (0.64.12):
    - React-Core (= 0.64.12)
    - React-Core/DevSupport (= 0.64.12)
    - React-Core/RCTWebSocket (= 0.64.12)
    - React-RCTActionSheet (= 0.64.12)
    - React-RCTAnimation (= 0.64.12)
    - React-RCTBlob (= 0.64.12)
    - React-RCTImage (= 0.64.12)
    - React-RCTLinking (= 0.64.12)
    - React-RCTNetwork (= 0.64.12)
    - React-RCTSettings (= 0.64.12)
    - React-RCTText (= 0.64.12)
    - React-RCTVibration (= 0.64.12)
  - React-callinvoker (0.64.12)
  - React-Core (0.64.12):
    - glog
    - RCT-Folly (= 2020.01.13.00)
    - React-Core/Default (= 0.64.12)
    - React-cxxreact (= 0.64.12)
    - React-jsi (= 0.64.12)
    - React-jsiexecutor (= 0.64.12)
    - React-perflogger (= 0.64.12)
    - Yoga
  - React-Core/CoreModulesHeaders (0.64.12):
    - glog
    - RCT-Folly (= 2020.01.13.00)
    - React-Core/Default
    - React-cxxreact (= 0.64.12)
    - React-jsi (= 0.64.12)
    - React-jsiexecutor (= 0.64.12)
    - React-perflogger (= 0.64.12)
    - Yoga
  - React-Core/Default (0.64.12):
    - glog
    - RCT-Folly (= 2020.01.13.00)
    - React-cxxreact (= 0.64.12)
    - React-jsi (= 0.64.12)
    - React-jsiexecutor (= 0.64.12)
    - React-perflogger (= 0.64.12)
    - Yoga
  - React-Core/DevSupport (0.64.12):
    - glog
    - RCT-Folly (= 2020.01.13.00)
    - React-Core/Default (= 0.64.12)
    - React-Core/RCTWebSocket (= 0.64.12)
    - React-cxxreact (= 0.64.12)
    - React-jsi (= 0.64.12)
    - React-jsiexecutor (= 0.64.12)
    - React-jsinspector (= 0.64.12)
    - React-perflogger (= 0.64.12)
    - Yoga
  - React-Core/RCTActionSheetHeaders (0.64.12):
    - glog
    - RCT-Folly (= 2020.01.13.00)
    - React-Core/Default
    - React-cxxreact (= 0.64.12)
    - React-jsi (= 0.64.12)
    - React-jsiexecutor (= 0.64.12)
    - React-perflogger (= 0.64.12)
    - Yoga
  - React-Core/RCTAnimationHeaders (0.64.12):
    - glog
    - RCT-Folly (= 2020.01.13.00)
    - React-Core/Default
    - React-cxxreact (= 0.64.12)
    - React-jsi (= 0.64.12)
    - React-jsiexecutor (= 0.64.12)
    - React-perflogger (= 0.64.12)
    - Yoga
  - React-Core/RCTBlobHeaders (0.64.12):
    - glog
    - RCT-Folly (= 2020.01.13.00)
    - React-Core/Default
    - React-cxxreact (= 0.64.12)
    - React-jsi (= 0.64.12)
    - React-jsiexecutor (= 0.64.12)
    - React-perflogger (= 0.64.12)
    - Yoga
  - React-Core/RCTImageHeaders (0.64.12):
    - glog
    - RCT-Folly (= 2020.01.13.00)
    - React-Core/Default
    - React-cxxreact (= 0.64.12)
    - React-jsi (= 0.64.12)
    - React-jsiexecutor (= 0.64.12)
    - React-perflogger (= 0.64.12)
    - Yoga
  - React-Core/RCTLinkingHeaders (0.64.12):
    - glog
    - RCT-Folly (= 2020.01.13.00)
    - React-Core/Default
    - React-cxxreact (= 0.64.12)
    - React-jsi (= 0.64.12)
    - React-jsiexecutor (= 0.64.12)
    - React-perflogger (= 0.64.12)
    - Yoga
  - React-Core/RCTNetworkHeaders (0.64.12):
    - glog
    - RCT-Folly (= 2020.01.13.00)
    - React-Core/Default
    - React-cxxreact (= 0.64.12)
    - React-jsi (= 0.64.12)
    - React-jsiexecutor (= 0.64.12)
    - React-perflogger (= 0.64.12)
    - Yoga
  - React-Core/RCTSettingsHeaders (0.64.12):
    - glog
    - RCT-Folly (= 2020.01.13.00)
    - React-Core/Default
    - React-cxxreact (= 0.64.12)
    - React-jsi (= 0.64.12)
    - React-jsiexecutor (= 0.64.12)
    - React-perflogger (= 0.64.12)
    - Yoga
  - React-Core/RCTTextHeaders (0.64.12):
    - glog
    - RCT-Folly (= 2020.01.13.00)
    - React-Core/Default
    - React-cxxreact (= 0.64.12)
    - React-jsi (= 0.64.12)
    - React-jsiexecutor (= 0.64.12)
    - React-perflogger (= 0.64.12)
    - Yoga
  - React-Core/RCTVibrationHeaders (0.64.12):
    - glog
    - RCT-Folly (= 2020.01.13.00)
    - React-Core/Default
    - React-cxxreact (= 0.64.12)
    - React-jsi (= 0.64.12)
    - React-jsiexecutor (= 0.64.12)
    - React-perflogger (= 0.64.12)
    - Yoga
  - React-Core/RCTWebSocket (0.64.12):
    - glog
    - RCT-Folly (= 2020.01.13.00)
    - React-Core/Default (= 0.64.12)
    - React-cxxreact (= 0.64.12)
    - React-jsi (= 0.64.12)
    - React-jsiexecutor (= 0.64.12)
    - React-perflogger (= 0.64.12)
    - Yoga
  - React-CoreModules (0.64.12):
    - FBReactNativeSpec (= 0.64.12)
    - RCT-Folly (= 2020.01.13.00)
    - RCTTypeSafety (= 0.64.12)
    - React-Core/CoreModulesHeaders (= 0.64.12)
    - React-jsi (= 0.64.12)
    - React-RCTImage (= 0.64.12)
    - ReactCommon/turbomodule/core (= 0.64.12)
  - React-cxxreact (0.64.12):
    - boost-for-react-native (= 1.63.0)
    - DoubleConversion
    - glog
    - RCT-Folly (= 2020.01.13.00)
    - React-callinvoker (= 0.64.12)
    - React-jsi (= 0.64.12)
    - React-jsinspector (= 0.64.12)
    - React-perflogger (= 0.64.12)
    - React-runtimeexecutor (= 0.64.12)
  - React-jsi (0.64.12):
    - boost-for-react-native (= 1.63.0)
    - DoubleConversion
    - glog
    - RCT-Folly (= 2020.01.13.00)
    - React-jsi/Default (= 0.64.12)
  - React-jsi/Default (0.64.12):
    - boost-for-react-native (= 1.63.0)
    - DoubleConversion
    - glog
    - RCT-Folly (= 2020.01.13.00)
  - React-jsiexecutor (0.64.12):
    - DoubleConversion
    - glog
    - RCT-Folly (= 2020.01.13.00)
    - React-cxxreact (= 0.64.12)
    - React-jsi (= 0.64.12)
    - React-perflogger (= 0.64.12)
  - React-jsinspector (0.64.12)
  - React-perflogger (0.64.12)
  - React-RCTActionSheet (0.64.12):
    - React-Core/RCTActionSheetHeaders (= 0.64.12)
  - React-RCTAnimation (0.64.12):
    - FBReactNativeSpec (= 0.64.12)
    - RCT-Folly (= 2020.01.13.00)
    - RCTTypeSafety (= 0.64.12)
    - React-Core/RCTAnimationHeaders (= 0.64.12)
    - React-jsi (= 0.64.12)
    - ReactCommon/turbomodule/core (= 0.64.12)
  - React-RCTBlob (0.64.12):
    - FBReactNativeSpec (= 0.64.12)
    - RCT-Folly (= 2020.01.13.00)
    - React-Core/RCTBlobHeaders (= 0.64.12)
    - React-Core/RCTWebSocket (= 0.64.12)
    - React-jsi (= 0.64.12)
    - React-RCTNetwork (= 0.64.12)
    - ReactCommon/turbomodule/core (= 0.64.12)
  - React-RCTImage (0.64.12):
    - FBReactNativeSpec (= 0.64.12)
    - RCT-Folly (= 2020.01.13.00)
    - RCTTypeSafety (= 0.64.12)
    - React-Core/RCTImageHeaders (= 0.64.12)
    - React-jsi (= 0.64.12)
    - React-RCTNetwork (= 0.64.12)
    - ReactCommon/turbomodule/core (= 0.64.12)
  - React-RCTLinking (0.64.12):
    - FBReactNativeSpec (= 0.64.12)
    - React-Core/RCTLinkingHeaders (= 0.64.12)
    - React-jsi (= 0.64.12)
    - ReactCommon/turbomodule/core (= 0.64.12)
  - React-RCTNetwork (0.64.12):
    - FBReactNativeSpec (= 0.64.12)
    - RCT-Folly (= 2020.01.13.00)
    - RCTTypeSafety (= 0.64.12)
    - React-Core/RCTNetworkHeaders (= 0.64.12)
    - React-jsi (= 0.64.12)
    - ReactCommon/turbomodule/core (= 0.64.12)
  - React-RCTSettings (0.64.12):
    - FBReactNativeSpec (= 0.64.12)
    - RCT-Folly (= 2020.01.13.00)
    - RCTTypeSafety (= 0.64.12)
    - React-Core/RCTSettingsHeaders (= 0.64.12)
    - React-jsi (= 0.64.12)
    - ReactCommon/turbomodule/core (= 0.64.12)
  - React-RCTText (0.64.12):
    - React-Core/RCTTextHeaders (= 0.64.12)
  - React-RCTVibration (0.64.12):
    - FBReactNativeSpec (= 0.64.12)
    - RCT-Folly (= 2020.01.13.00)
    - React-Core/RCTVibrationHeaders (= 0.64.12)
    - React-jsi (= 0.64.12)
    - ReactCommon/turbomodule/core (= 0.64.12)
  - React-runtimeexecutor (0.64.12):
    - React-jsi (= 0.64.12)
  - ReactCommon/turbomodule/core (0.64.12):
    - DoubleConversion
    - glog
    - RCT-Folly (= 2020.01.13.00)
    - React-callinvoker (= 0.64.12)
    - React-Core (= 0.64.12)
    - React-cxxreact (= 0.64.12)
    - React-jsi (= 0.64.12)
    - React-perflogger (= 0.64.12)
  - RNFS (2.18.0):
    - React
  - RNSVG (12.1.1):
    - React
  - RNVectorIcons (9.0.0):
    - React-Core
  - Yoga (1.14.0)
  - YogaKit (1.18.1):
    - Yoga (~> 1.14)

DEPENDENCIES:
  - boost-for-react-native (from `../node_modules/react-native-macos/third-party-podspecs/boost-for-react-native.podspec`)
  - DoubleConversion (from `../node_modules/react-native-macos/third-party-podspecs/DoubleConversion.podspec`)
  - FBLazyVector (from `../node_modules/react-native-macos/Libraries/FBLazyVector`)
  - FBReactNativeSpec (from `../node_modules/react-native-macos/React/FBReactNativeSpec`)
  - Flipper (~> 0.75.1)
  - Flipper-DoubleConversion (= 1.1.7)
  - Flipper-Folly (~> 2.5.3)
  - Flipper-Glog (= 0.3.6)
  - Flipper-PeerTalk (~> 0.0.4)
  - Flipper-RSocket (~> 1.3)
  - FlipperKit (~> 0.75.1)
  - FlipperKit/Core (~> 0.75.1)
  - FlipperKit/CppBridge (~> 0.75.1)
  - FlipperKit/FBCxxFollyDynamicConvert (~> 0.75.1)
  - FlipperKit/FBDefines (~> 0.75.1)
  - FlipperKit/FKPortForwarding (~> 0.75.1)
  - FlipperKit/FlipperKitHighlightOverlay (~> 0.75.1)
  - FlipperKit/FlipperKitLayoutPlugin (~> 0.75.1)
  - FlipperKit/FlipperKitLayoutTextSearchable (~> 0.75.1)
  - FlipperKit/FlipperKitNetworkPlugin (~> 0.75.1)
  - FlipperKit/FlipperKitReactPlugin (~> 0.75.1)
  - FlipperKit/FlipperKitUserDefaultsPlugin (~> 0.75.1)
  - FlipperKit/SKIOSNetworkPlugin (~> 0.75.1)
  - glog (from `../node_modules/react-native-macos/third-party-podspecs/glog.podspec`)
  - RCT-Folly (from `../node_modules/react-native-macos/third-party-podspecs/RCT-Folly.podspec`)
  - RCTRequired (from `../node_modules/react-native-macos/Libraries/RCTRequired`)
  - RCTTypeSafety (from `../node_modules/react-native-macos/Libraries/TypeSafety`)
  - React (from `../node_modules/react-native-macos/`)
  - React-callinvoker (from `../node_modules/react-native-macos/ReactCommon/callinvoker`)
  - React-Core (from `../node_modules/react-native-macos/`)
  - React-Core/DevSupport (from `../node_modules/react-native-macos/`)
  - React-Core/RCTWebSocket (from `../node_modules/react-native-macos/`)
  - React-CoreModules (from `../node_modules/react-native-macos/React/CoreModules`)
  - React-cxxreact (from `../node_modules/react-native-macos/ReactCommon/cxxreact`)
  - React-jsi (from `../node_modules/react-native-macos/ReactCommon/jsi`)
  - React-jsiexecutor (from `../node_modules/react-native-macos/ReactCommon/jsiexecutor`)
  - React-jsinspector (from `../node_modules/react-native-macos/ReactCommon/jsinspector`)
  - React-perflogger (from `../node_modules/react-native-macos/ReactCommon/reactperflogger`)
  - React-RCTActionSheet (from `../node_modules/react-native-macos/Libraries/ActionSheetIOS`)
  - React-RCTAnimation (from `../node_modules/react-native-macos/Libraries/NativeAnimation`)
  - React-RCTBlob (from `../node_modules/react-native-macos/Libraries/Blob`)
  - React-RCTImage (from `../node_modules/react-native-macos/Libraries/Image`)
  - React-RCTLinking (from `../node_modules/react-native-macos/Libraries/LinkingIOS`)
  - React-RCTNetwork (from `../node_modules/react-native-macos/Libraries/Network`)
  - React-RCTSettings (from `../node_modules/react-native-macos/Libraries/Settings`)
  - React-RCTText (from `../node_modules/react-native-macos/Libraries/Text`)
  - React-RCTVibration (from `../node_modules/react-native-macos/Libraries/Vibration`)
  - React-runtimeexecutor (from `../node_modules/react-native-macos/ReactCommon/runtimeexecutor`)
  - ReactCommon/turbomodule/core (from `../node_modules/react-native-macos/ReactCommon`)
  - RNFS (from `../node_modules/react-native-fs`)
  - RNSVG (from `../node_modules/react-native-svg`)
  - RNVectorIcons (from `../node_modules/react-native-vector-icons`)
  - Yoga (from `../node_modules/react-native-macos/ReactCommon/yoga`)

SPEC REPOS:
  trunk:
    - CocoaAsyncSocket
    - Flipper
    - Flipper-DoubleConversion
    - Flipper-Folly
    - Flipper-Glog
    - Flipper-PeerTalk
    - Flipper-RSocket
    - FlipperKit
    - libevent
    - OpenSSL-Universal
    - YogaKit

EXTERNAL SOURCES:
  boost-for-react-native:
    :podspec: "../node_modules/react-native-macos/third-party-podspecs/boost-for-react-native.podspec"
  DoubleConversion:
    :podspec: "../node_modules/react-native-macos/third-party-podspecs/DoubleConversion.podspec"
  FBLazyVector:
    :path: "../node_modules/react-native-macos/Libraries/FBLazyVector"
  FBReactNativeSpec:
    :path: "../node_modules/react-native-macos/React/FBReactNativeSpec"
  glog:
    :podspec: "../node_modules/react-native-macos/third-party-podspecs/glog.podspec"
  RCT-Folly:
    :podspec: "../node_modules/react-native-macos/third-party-podspecs/RCT-Folly.podspec"
  RCTRequired:
    :path: "../node_modules/react-native-macos/Libraries/RCTRequired"
  RCTTypeSafety:
    :path: "../node_modules/react-native-macos/Libraries/TypeSafety"
  React:
    :path: "../node_modules/react-native-macos/"
  React-callinvoker:
    :path: "../node_modules/react-native-macos/ReactCommon/callinvoker"
  React-Core:
    :path: "../node_modules/react-native-macos/"
  React-CoreModules:
    :path: "../node_modules/react-native-macos/React/CoreModules"
  React-cxxreact:
    :path: "../node_modules/react-native-macos/ReactCommon/cxxreact"
  React-jsi:
    :path: "../node_modules/react-native-macos/ReactCommon/jsi"
  React-jsiexecutor:
    :path: "../node_modules/react-native-macos/ReactCommon/jsiexecutor"
  React-jsinspector:
    :path: "../node_modules/react-native-macos/ReactCommon/jsinspector"
  React-perflogger:
    :path: "../node_modules/react-native-macos/ReactCommon/reactperflogger"
  React-RCTActionSheet:
    :path: "../node_modules/react-native-macos/Libraries/ActionSheetIOS"
  React-RCTAnimation:
    :path: "../node_modules/react-native-macos/Libraries/NativeAnimation"
  React-RCTBlob:
    :path: "../node_modules/react-native-macos/Libraries/Blob"
  React-RCTImage:
    :path: "../node_modules/react-native-macos/Libraries/Image"
  React-RCTLinking:
    :path: "../node_modules/react-native-macos/Libraries/LinkingIOS"
  React-RCTNetwork:
    :path: "../node_modules/react-native-macos/Libraries/Network"
  React-RCTSettings:
    :path: "../node_modules/react-native-macos/Libraries/Settings"
  React-RCTText:
    :path: "../node_modules/react-native-macos/Libraries/Text"
  React-RCTVibration:
    :path: "../node_modules/react-native-macos/Libraries/Vibration"
  React-runtimeexecutor:
    :path: "../node_modules/react-native-macos/ReactCommon/runtimeexecutor"
  ReactCommon:
    :path: "../node_modules/react-native-macos/ReactCommon"
  RNFS:
    :path: "../node_modules/react-native-fs"
  RNSVG:
    :path: "../node_modules/react-native-svg"
  RNVectorIcons:
    :path: "../node_modules/react-native-vector-icons"
  Yoga:
    :path: "../node_modules/react-native-macos/ReactCommon/yoga"

SPEC CHECKSUMS:
  boost-for-react-native: d5ad1140010aa8cb622323a781ecbeab4425d19a
  CocoaAsyncSocket: 065fd1e645c7abab64f7a6a2007a48038fdc6a99
  DoubleConversion: 0ea4559a49682230337df966e735d6cc7760108e
  FBLazyVector: 8465e1d5ef74befc1baaf6fdd64c4d66ff3cdde8
  FBReactNativeSpec: 15f6cc627df989269579a987af3febddac4f4966
  Flipper: d3da1aa199aad94455ae725e9f3aa43f3ec17021
  Flipper-DoubleConversion: 38631e41ef4f9b12861c67d17cb5518d06badc41
  Flipper-Folly: 755929a4f851b2fb2c347d533a23f191b008554c
  Flipper-Glog: 1dfd6abf1e922806c52ceb8701a3599a79a200a6
  Flipper-PeerTalk: 116d8f857dc6ef55c7a5a75ea3ceaafe878aadc9
  Flipper-RSocket: 127954abe8b162fcaf68d2134d34dc2bd7076154
  FlipperKit: 8a20b5c5fcf9436cac58551dc049867247f64b00
  glog: 0dc7efada961c0793012970b60faebbd58b0decb
  libevent: 4049cae6c81cdb3654a443be001fb9bdceff7913
  OpenSSL-Universal: 1aa4f6a6ee7256b83db99ec1ccdaa80d10f9af9b
  RCT-Folly: b3998425a8ee9f695f57a204dc494534246f0fe9
  RCTRequired: f6460f1d35a24f2b99db348da01265502419d49a
  RCTTypeSafety: 6540092fb638c2b826ad83760c62d933362fab9c
  React: efd5f7bdb4e50e0dea9448332d4e46c19378eccb
  React-callinvoker: bf69a94698d5cba7c7dd4031f6488a86b66cd1c3
  React-Core: 1792698ee773136e25d171669f8669947f0a14ab
  React-CoreModules: 7fac55624b137e6103e01eb99f77080ab50bf59e
  React-cxxreact: 4db3c541f2e6d3c04c9d746977bac132f005b2f7
  React-jsi: 8b6bcd1cbcc05dfbe578531a2677646a02aa4491
  React-jsiexecutor: fd1910ce58e0d0715244127575944f6018385a26
  React-jsinspector: b66156440771aa4b209eebfcf31b01fdad3f5844
  React-perflogger: c5a83d2a3e54a016dca9bb7a1bb13f7a55e8d32b
  React-RCTActionSheet: 6a2feb13893a7d4d775156bdfa10195154c97748
  React-RCTAnimation: 082721a6c0b074ff19b50e81f6bde9da4fa7c2dc
  React-RCTBlob: 783737914526f5011514b7eb7cfe2f99fdd5c677
  React-RCTImage: 4457f58128f9fcb13e966a3c606ef55fabf53bef
  React-RCTLinking: 27d5dd541b453eb35a53b19f604a094da5c333ba
  React-RCTNetwork: fbd36fbb7e12dd216d770f2a19abfa9f2a29c952
  React-RCTSettings: daa910eae84b36e52cebaab9154ae300ccffda47
  React-RCTText: 3a3894354b8eabeb6cf910e7a53969b89ea95f53
  React-RCTVibration: 642f3465474abc1aafe80ac0a23ea534a17124d3
  React-runtimeexecutor: 0db1052deb146866cb145aac4cc903f06996d15e
  ReactCommon: c44eb6dacf40e1c1f04c910bcaeec824950fedd1
  RNFS: 3ab21fa6c56d65566d1fb26c2228e2b6132e5e32
  RNSVG: 551acb6562324b1d52a4e0758f7ca0ec234e278f
  RNVectorIcons: 4143ba35feebab8fdbe6bc43d1e776b393d47ac8
  Yoga: cd853fb2252637b2a03a1e8f968fa233c2703f44
  YogaKit: f782866e155069a2cca2517aafea43200b01fd5a

PODFILE CHECKSUM: 6120ccd95a7d02ca4d8ef70f387c6c622efb1ad5

COCOAPODS: 1.11.2
